
Microsoft Visual Studio Solution File, Format Version 12.00
# Visual Studio Version 17
VisualStudioVersion = 17.9.34616.47
MinimumVisualStudioVersion = 10.0.40219.1
Project("{FAE04EC0-301F-11D3-BF4B-00C04F79EFBC}") = "20240429", "20240429\20240429.csproj", "{BC88FD3D-90AF-4DE1-B9C4-B1FAB5488F82}"
EndProject
Global
	GlobalSection(SolutionConfigurationPlatforms) = preSolution
		Debug|Any CPU = Debug|Any CPU
		Release|Any CPU = Release|Any CPU
	EndGlobalSection
	GlobalSection(ProjectConfigurationPlatforms) = postSolution
		{BC88FD3D-90AF-4DE1-B9C4-B1FAB5488F82}.Debug|Any CPU.ActiveCfg = Debug|Any CPU
		{BC88FD3D-90AF-4DE1-B9C4-B1FAB5488F82}.Debug|Any CPU.Build.0 = Debug|Any CPU
		{BC88FD3D-90AF-4DE1-B9C4-B1FAB5488F82}.Release|Any CPU.ActiveCfg = Release|Any CPU
		{BC88FD3D-90AF-4DE1-B9C4-B1FAB5488F82}.Release|Any CPU.Build.0 = Release|Any CPU
	EndGlobalSection
	GlobalSection(SolutionProperties) = preSolution
		HideSolutionNode = FALSE
	EndGlobalSection
	GlobalSection(ExtensibilityGlobals) = postSolution
		SolutionGuid = {C89788BC-D3D0-4C33-8C84-1D67F012A649}
	EndGlobalSection
EndGlobal
