
Microsoft Visual Studio Solution File, Format Version 12.00
# Visual Studio Version 17
VisualStudioVersion = 17.9.34616.47
MinimumVisualStudioVersion = 10.0.40219.1
Project("{FAE04EC0-301F-11D3-BF4B-00C04F79EFBC}") = "20240603", "20240603\20240603.csproj", "{716AFC6F-FE33-4E6A-872C-A0B04FDE012E}"
EndProject
Global
	GlobalSection(SolutionConfigurationPlatforms) = preSolution
		Debug|Any CPU = Debug|Any CPU
		Release|Any CPU = Release|Any CPU
	EndGlobalSection
	GlobalSection(ProjectConfigurationPlatforms) = postSolution
		{716AFC6F-FE33-4E6A-872C-A0B04FDE012E}.Debug|Any CPU.ActiveCfg = Debug|Any CPU
		{716AFC6F-FE33-4E6A-872C-A0B04FDE012E}.Debug|Any CPU.Build.0 = Debug|Any CPU
		{716AFC6F-FE33-4E6A-872C-A0B04FDE012E}.Release|Any CPU.ActiveCfg = Release|Any CPU
		{716AFC6F-FE33-4E6A-872C-A0B04FDE012E}.Release|Any CPU.Build.0 = Release|Any CPU
	EndGlobalSection
	GlobalSection(SolutionProperties) = preSolution
		HideSolutionNode = FALSE
	EndGlobalSection
	GlobalSection(ExtensibilityGlobals) = postSolution
		SolutionGuid = {A06DF884-D452-4CAC-94D9-174DE4E2FFF9}
	EndGlobalSection
EndGlobal
